
Microsoft Visual Studio Solution File, Format Version 12.00
# Visual Studio 15
VisualStudioVersion = 15.0.28307.1684
MinimumVisualStudioVersion = 10.0.40219.1
Project("{FAE04EC0-301F-11D3-BF4B-00C04F79EFBC}") = "WebApplicationToDo", "WebApplicationToDo\WebApplicationToDo.csproj", "{238128BB-E06E-4EBB-8AD3-22E2FE2ACC7F}"
EndProject
Global
	GlobalSection(SolutionConfigurationPlatforms) = preSolution
		Debug|Any CPU = Debug|Any CPU
		Release|Any CPU = Release|Any CPU
	EndGlobalSection
	GlobalSection(ProjectConfigurationPlatforms) = postSolution
		{238128BB-E06E-4EBB-8AD3-22E2FE2ACC7F}.Debug|Any CPU.ActiveCfg = Debug|Any CPU
		{238128BB-E06E-4EBB-8AD3-22E2FE2ACC7F}.Debug|Any CPU.Build.0 = Debug|Any CPU
		{238128BB-E06E-4EBB-8AD3-22E2FE2ACC7F}.Release|Any CPU.ActiveCfg = Release|Any CPU
		{238128BB-E06E-4EBB-8AD3-22E2FE2ACC7F}.Release|Any CPU.Build.0 = Release|Any CPU
	EndGlobalSection
	GlobalSection(SolutionProperties) = preSolution
		HideSolutionNode = FALSE
	EndGlobalSection
	GlobalSection(ExtensibilityGlobals) = postSolution
		SolutionGuid = {1E11D5D3-5466-4713-B617-9F406B3AF029}
	EndGlobalSection
EndGlobal
